// !$*UTF8*$!
{
	archiveVersion = 1;
	classes = {
	};
	objectVersion = 50;
	objects = {

/* Begin PBXBuildFile section */
		D7F8C9D026E9A95A009F50F8 /* AppDelegate.swift in Sources */ = {isa = PBXBuildFile; fileRef = D7F8C9CF26E9A95A009F50F8 /* AppDelegate.swift */; };
		D7F8C9D226E9A95A009F50F8 /* SceneDelegate.swift in Sources */ = {isa = PBXBuildFile; fileRef = D7F8C9D126E9A95A009F50F8 /* SceneDelegate.swift */; };
		D7F8C9D426E9A95A009F50F8 /* HomeViewController.swift in Sources */ = {isa = PBXBuildFile; fileRef = D7F8C9D326E9A95A009F50F8 /* HomeViewController.swift */; };
		D7F8C9D926E9A95B009F50F8 /* Assets.xcassets in Resources */ = {isa = PBXBuildFile; fileRef = D7F8C9D826E9A95B009F50F8 /* Assets.xcassets */; };
		D7F8C9DC26E9A95B009F50F8 /* LaunchScreen.storyboard in Resources */ = {isa = PBXBuildFile; fileRef = D7F8C9DA26E9A95B009F50F8 /* LaunchScreen.storyboard */; };
		D7F8C9EC26E9AE4D009F50F8 /* TabBarViewController.swift in Sources */ = {isa = PBXBuildFile; fileRef = D7F8C9EB26E9AE4D009F50F8 /* TabBarViewController.swift */; };
		D7F8C9F026E9AE87009F50F8 /* SearchViewController.swift in Sources */ = {isa = PBXBuildFile; fileRef = D7F8C9EF26E9AE87009F50F8 /* SearchViewController.swift */; };
		D7F8C9F326E9AEB5009F50F8 /* LibraryViewController.swift in Sources */ = {isa = PBXBuildFile; fileRef = D7F8C9F226E9AEB5009F50F8 /* LibraryViewController.swift */; };
		D7F8C9F926E9AF05009F50F8 /* AuthViewController.swift in Sources */ = {isa = PBXBuildFile; fileRef = D7F8C9F826E9AF05009F50F8 /* AuthViewController.swift */; };
		D7F8C9FC26E9AF21009F50F8 /* WelcomeViewController.swift in Sources */ = {isa = PBXBuildFile; fileRef = D7F8C9FB26E9AF21009F50F8 /* WelcomeViewController.swift */; };
		D7F8C9FF26E9AF41009F50F8 /* SettingsViewController.swift in Sources */ = {isa = PBXBuildFile; fileRef = D7F8C9FE26E9AF41009F50F8 /* SettingsViewController.swift */; };
		D7F8CA0226E9AF5F009F50F8 /* ProfileViewController.swift in Sources */ = {isa = PBXBuildFile; fileRef = D7F8CA0126E9AF5F009F50F8 /* ProfileViewController.swift */; };
		D7F8CA0526E9AF84009F50F8 /* PlayerViewController.swift in Sources */ = {isa = PBXBuildFile; fileRef = D7F8CA0426E9AF84009F50F8 /* PlayerViewController.swift */; };
		D7F8CA0826E9AF8E009F50F8 /* PlaylistViewController.swift in Sources */ = {isa = PBXBuildFile; fileRef = D7F8CA0726E9AF8E009F50F8 /* PlaylistViewController.swift */; };
		D7F8CA0B26E9AFB9009F50F8 /* SearchResultViewController.swift in Sources */ = {isa = PBXBuildFile; fileRef = D7F8CA0A26E9AFB9009F50F8 /* SearchResultViewController.swift */; };
		D7F8CA0E26E9B3D7009F50F8 /* AuthManager.swift in Sources */ = {isa = PBXBuildFile; fileRef = D7F8CA0D26E9B3D7009F50F8 /* AuthManager.swift */; };
		D7F8CA1126E9B3E9009F50F8 /* APICaller.swift in Sources */ = {isa = PBXBuildFile; fileRef = D7F8CA1026E9B3E9009F50F8 /* APICaller.swift */; };
		D7F8CA1426E9B3FE009F50F8 /* HapticsManager.swift in Sources */ = {isa = PBXBuildFile; fileRef = D7F8CA1326E9B3FE009F50F8 /* HapticsManager.swift */; };
		D7F8CA1726E9B459009F50F8 /* Playlist.swift in Sources */ = {isa = PBXBuildFile; fileRef = D7F8CA1626E9B459009F50F8 /* Playlist.swift */; };
		D7F8CA1A26E9B466009F50F8 /* AudioTrack.swift in Sources */ = {isa = PBXBuildFile; fileRef = D7F8CA1926E9B466009F50F8 /* AudioTrack.swift */; };
		D7F8CA1D26E9B470009F50F8 /* Artisit.swift in Sources */ = {isa = PBXBuildFile; fileRef = D7F8CA1C26E9B470009F50F8 /* Artisit.swift */; };
		D7F8CA2026E9B47E009F50F8 /* UserProfile.swift in Sources */ = {isa = PBXBuildFile; fileRef = D7F8CA1F26E9B47E009F50F8 /* UserProfile.swift */; };
		D7F8CA2326E9D80C009F50F8 /* extension.swift in Sources */ = {isa = PBXBuildFile; fileRef = D7F8CA2226E9D80C009F50F8 /* extension.swift */; };
		D7F8CA2626E9F41E009F50F8 /* AuthResponse.swift in Sources */ = {isa = PBXBuildFile; fileRef = D7F8CA2526E9F41E009F50F8 /* AuthResponse.swift */; };
/* End PBXBuildFile section */

/* Begin PBXFileReference section */
		D7F8C9CC26E9A95A009F50F8 /* Spotify.app */ = {isa = PBXFileReference; explicitFileType = wrapper.application; includeInIndex = 0; path = Spotify.app; sourceTree = BUILT_PRODUCTS_DIR; };
		D7F8C9CF26E9A95A009F50F8 /* AppDelegate.swift */ = {isa = PBXFileReference; lastKnownFileType = sourcecode.swift; path = AppDelegate.swift; sourceTree = "<group>"; };
		D7F8C9D126E9A95A009F50F8 /* SceneDelegate.swift */ = {isa = PBXFileReference; lastKnownFileType = sourcecode.swift; path = SceneDelegate.swift; sourceTree = "<group>"; };
		D7F8C9D326E9A95A009F50F8 /* HomeViewController.swift */ = {isa = PBXFileReference; lastKnownFileType = sourcecode.swift; path = HomeViewController.swift; sourceTree = "<group>"; };
		D7F8C9D826E9A95B009F50F8 /* Assets.xcassets */ = {isa = PBXFileReference; lastKnownFileType = folder.assetcatalog; path = Assets.xcassets; sourceTree = "<group>"; };
		D7F8C9DB26E9A95B009F50F8 /* Base */ = {isa = PBXFileReference; lastKnownFileType = file.storyboard; name = Base; path = Base.lproj/LaunchScreen.storyboard; sourceTree = "<group>"; };
		D7F8C9DD26E9A95B009F50F8 /* Info.plist */ = {isa = PBXFileReference; lastKnownFileType = text.plist.xml; path = Info.plist; sourceTree = "<group>"; };
		D7F8C9EB26E9AE4D009F50F8 /* TabBarViewController.swift */ = {isa = PBXFileReference; lastKnownFileType = sourcecode.swift; path = TabBarViewController.swift; sourceTree = "<group>"; };
		D7F8C9EF26E9AE87009F50F8 /* SearchViewController.swift */ = {isa = PBXFileReference; lastKnownFileType = sourcecode.swift; path = SearchViewController.swift; sourceTree = "<group>"; };
		D7F8C9F226E9AEB5009F50F8 /* LibraryViewController.swift */ = {isa = PBXFileReference; lastKnownFileType = sourcecode.swift; path = LibraryViewController.swift; sourceTree = "<group>"; };
		D7F8C9F826E9AF05009F50F8 /* AuthViewController.swift */ = {isa = PBXFileReference; lastKnownFileType = sourcecode.swift; path = AuthViewController.swift; sourceTree = "<group>"; };
		D7F8C9FB26E9AF21009F50F8 /* WelcomeViewController.swift */ = {isa = PBXFileReference; lastKnownFileType = sourcecode.swift; path = WelcomeViewController.swift; sourceTree = "<group>"; };
		D7F8C9FE26E9AF41009F50F8 /* SettingsViewController.swift */ = {isa = PBXFileReference; lastKnownFileType = sourcecode.swift; path = SettingsViewController.swift; sourceTree = "<group>"; };
		D7F8CA0126E9AF5F009F50F8 /* ProfileViewController.swift */ = {isa = PBXFileReference; lastKnownFileType = sourcecode.swift; path = ProfileViewController.swift; sourceTree = "<group>"; };
		D7F8CA0426E9AF84009F50F8 /* PlayerViewController.swift */ = {isa = PBXFileReference; lastKnownFileType = sourcecode.swift; path = PlayerViewController.swift; sourceTree = "<group>"; };
		D7F8CA0726E9AF8E009F50F8 /* PlaylistViewController.swift */ = {isa = PBXFileReference; lastKnownFileType = sourcecode.swift; path = PlaylistViewController.swift; sourceTree = "<group>"; };
		D7F8CA0A26E9AFB9009F50F8 /* SearchResultViewController.swift */ = {isa = PBXFileReference; lastKnownFileType = sourcecode.swift; path = SearchResultViewController.swift; sourceTree = "<group>"; };
		D7F8CA0D26E9B3D7009F50F8 /* AuthManager.swift */ = {isa = PBXFileReference; lastKnownFileType = sourcecode.swift; path = AuthManager.swift; sourceTree = "<group>"; };
		D7F8CA1026E9B3E9009F50F8 /* APICaller.swift */ = {isa = PBXFileReference; lastKnownFileType = sourcecode.swift; path = APICaller.swift; sourceTree = "<group>"; };
		D7F8CA1326E9B3FE009F50F8 /* HapticsManager.swift */ = {isa = PBXFileReference; lastKnownFileType = sourcecode.swift; path = HapticsManager.swift; sourceTree = "<group>"; };
		D7F8CA1626E9B459009F50F8 /* Playlist.swift */ = {isa = PBXFileReference; lastKnownFileType = sourcecode.swift; path = Playlist.swift; sourceTree = "<group>"; };
		D7F8CA1926E9B466009F50F8 /* AudioTrack.swift */ = {isa = PBXFileReference; lastKnownFileType = sourcecode.swift; path = AudioTrack.swift; sourceTree = "<group>"; };
		D7F8CA1C26E9B470009F50F8 /* Artisit.swift */ = {isa = PBXFileReference; lastKnownFileType = sourcecode.swift; path = Artisit.swift; sourceTree = "<group>"; };
		D7F8CA1F26E9B47E009F50F8 /* UserProfile.swift */ = {isa = PBXFileReference; lastKnownFileType = sourcecode.swift; path = UserProfile.swift; sourceTree = "<group>"; };
		D7F8CA2226E9D80C009F50F8 /* extension.swift */ = {isa = PBXFileReference; lastKnownFileType = sourcecode.swift; path = extension.swift; sourceTree = "<group>"; };
		D7F8CA2526E9F41E009F50F8 /* AuthResponse.swift */ = {isa = PBXFileReference; lastKnownFileType = sourcecode.swift; path = AuthResponse.swift; sourceTree = "<group>"; };
/* End PBXFileReference section */

/* Begin PBXFrameworksBuildPhase section */
		D7F8C9C926E9A95A009F50F8 /* Frameworks */ = {
			isa = PBXFrameworksBuildPhase;
			buildActionMask = 2147483647;
			files = (
			);
			runOnlyForDeploymentPostprocessing = 0;
		};
/* End PBXFrameworksBuildPhase section */

/* Begin PBXGroup section */
		D7F8C9C326E9A95A009F50F8 = {
			isa = PBXGroup;
			children = (
				D7F8C9CE26E9A95A009F50F8 /* Spotify */,
				D7F8C9CD26E9A95A009F50F8 /* Products */,
			);
			sourceTree = "<group>";
		};
		D7F8C9CD26E9A95A009F50F8 /* Products */ = {
			isa = PBXGroup;
			children = (
				D7F8C9CC26E9A95A009F50F8 /* Spotify.app */,
			);
			name = Products;
			sourceTree = "<group>";
		};
		D7F8C9CE26E9A95A009F50F8 /* Spotify */ = {
			isa = PBXGroup;
			children = (
				D7F8C9E926E9AC08009F50F8 /* Controllers */,
				D7F8C9E826E9AC00009F50F8 /* Views */,
				D7F8C9E726E9ABF9009F50F8 /* Models */,
				D7F8C9E626E9ABF1009F50F8 /* ViewModels */,
				D7F8C9E526E9ABEA009F50F8 /* Resources */,
				D7F8C9E426E9ABE2009F50F8 /* Managers */,
				D7F8C9DD26E9A95B009F50F8 /* Info.plist */,
			);
			path = Spotify;
			sourceTree = "<group>";
		};
		D7F8C9E426E9ABE2009F50F8 /* Managers */ = {
			isa = PBXGroup;
			children = (
				D7F8CA0D26E9B3D7009F50F8 /* AuthManager.swift */,
				D7F8CA1026E9B3E9009F50F8 /* APICaller.swift */,
				D7F8CA1326E9B3FE009F50F8 /* HapticsManager.swift */,
			);
			path = Managers;
			sourceTree = "<group>";
		};
		D7F8C9E526E9ABEA009F50F8 /* Resources */ = {
			isa = PBXGroup;
			children = (
				D7F8C9D826E9A95B009F50F8 /* Assets.xcassets */,
				D7F8C9CF26E9A95A009F50F8 /* AppDelegate.swift */,
				D7F8C9D126E9A95A009F50F8 /* SceneDelegate.swift */,
				D7F8CA2226E9D80C009F50F8 /* extension.swift */,
			);
			path = Resources;
			sourceTree = "<group>";
		};
		D7F8C9E626E9ABF1009F50F8 /* ViewModels */ = {
			isa = PBXGroup;
			children = (
			);
			path = ViewModels;
			sourceTree = "<group>";
		};
		D7F8C9E726E9ABF9009F50F8 /* Models */ = {
			isa = PBXGroup;
			children = (
				D7F8CA1626E9B459009F50F8 /* Playlist.swift */,
				D7F8CA1926E9B466009F50F8 /* AudioTrack.swift */,
				D7F8CA1C26E9B470009F50F8 /* Artisit.swift */,
				D7F8CA1F26E9B47E009F50F8 /* UserProfile.swift */,
				D7F8CA2526E9F41E009F50F8 /* AuthResponse.swift */,
			);
			path = Models;
			sourceTree = "<group>";
		};
		D7F8C9E826E9AC00009F50F8 /* Views */ = {
			isa = PBXGroup;
			children = (
				D7F8C9DA26E9A95B009F50F8 /* LaunchScreen.storyboard */,
			);
			path = Views;
			sourceTree = "<group>";
		};
		D7F8C9E926E9AC08009F50F8 /* Controllers */ = {
			isa = PBXGroup;
			children = (
				D7F8C9F726E9AEF8009F50F8 /* Other */,
				D7F8C9F526E9AEC8009F50F8 /* Core */,
			);
			path = Controllers;
			sourceTree = "<group>";
		};
		D7F8C9F526E9AEC8009F50F8 /* Core */ = {
			isa = PBXGroup;
			children = (
				D7F8C9D326E9A95A009F50F8 /* HomeViewController.swift */,
				D7F8C9EB26E9AE4D009F50F8 /* TabBarViewController.swift */,
				D7F8C9EF26E9AE87009F50F8 /* SearchViewController.swift */,
				D7F8C9F226E9AEB5009F50F8 /* LibraryViewController.swift */,
			);
			path = Core;
			sourceTree = "<group>";
		};
		D7F8C9F726E9AEF8009F50F8 /* Other */ = {
			isa = PBXGroup;
			children = (
				D7F8C9F826E9AF05009F50F8 /* AuthViewController.swift */,
				D7F8C9FB26E9AF21009F50F8 /* WelcomeViewController.swift */,
				D7F8C9FE26E9AF41009F50F8 /* SettingsViewController.swift */,
				D7F8CA0126E9AF5F009F50F8 /* ProfileViewController.swift */,
				D7F8CA0426E9AF84009F50F8 /* PlayerViewController.swift */,
				D7F8CA0726E9AF8E009F50F8 /* PlaylistViewController.swift */,
				D7F8CA0A26E9AFB9009F50F8 /* SearchResultViewController.swift */,
			);
			path = Other;
			sourceTree = "<group>";
		};
/* End PBXGroup section */

/* Begin PBXNativeTarget section */
		D7F8C9CB26E9A95A009F50F8 /* Spotify */ = {
			isa = PBXNativeTarget;
			buildConfigurationList = D7F8C9E026E9A95B009F50F8 /* Build configuration list for PBXNativeTarget "Spotify" */;
			buildPhases = (
				D7F8C9C826E9A95A009F50F8 /* Sources */,
				D7F8C9C926E9A95A009F50F8 /* Frameworks */,
				D7F8C9CA26E9A95A009F50F8 /* Resources */,
			);
			buildRules = (
			);
			dependencies = (
			);
			name = Spotify;
			productName = Spotify;
			productReference = D7F8C9CC26E9A95A009F50F8 /* Spotify.app */;
			productType = "com.apple.product-type.application";
		};
/* End PBXNativeTarget section */

/* Begin PBXProject section */
		D7F8C9C426E9A95A009F50F8 /* Project object */ = {
			isa = PBXProject;
			attributes = {
				LastSwiftUpdateCheck = 1240;
				LastUpgradeCheck = 1240;
				TargetAttributes = {
					D7F8C9CB26E9A95A009F50F8 = {
						CreatedOnToolsVersion = 12.4;
					};
				};
			};
			buildConfigurationList = D7F8C9C726E9A95A009F50F8 /* Build configuration list for PBXProject "Spotify" */;
			compatibilityVersion = "Xcode 9.3";
			developmentRegion = en;
			hasScannedForEncodings = 0;
			knownRegions = (
				en,
				Base,
			);
			mainGroup = D7F8C9C326E9A95A009F50F8;
			productRefGroup = D7F8C9CD26E9A95A009F50F8 /* Products */;
			projectDirPath = "";
			projectRoot = "";
			targets = (
				D7F8C9CB26E9A95A009F50F8 /* Spotify */,
			);
		};
/* End PBXProject section */

/* Begin PBXResourcesBuildPhase section */
		D7F8C9CA26E9A95A009F50F8 /* Resources */ = {
			isa = PBXResourcesBuildPhase;
			buildActionMask = 2147483647;
			files = (
				D7F8C9DC26E9A95B009F50F8 /* LaunchScreen.storyboard in Resources */,
				D7F8C9D926E9A95B009F50F8 /* Assets.xcassets in Resources */,
			);
			runOnlyForDeploymentPostprocessing = 0;
		};
/* End PBXResourcesBuildPhase section */

/* Begin PBXSourcesBuildPhase section */
		D7F8C9C826E9A95A009F50F8 /* Sources */ = {
			isa = PBXSourcesBuildPhase;
			buildActionMask = 2147483647;
			files = (
				D7F8C9F026E9AE87009F50F8 /* SearchViewController.swift in Sources */,
				D7F8CA1726E9B459009F50F8 /* Playlist.swift in Sources */,
				D7F8CA0E26E9B3D7009F50F8 /* AuthManager.swift in Sources */,
				D7F8C9FC26E9AF21009F50F8 /* WelcomeViewController.swift in Sources */,
				D7F8CA0226E9AF5F009F50F8 /* ProfileViewController.swift in Sources */,
				D7F8C9EC26E9AE4D009F50F8 /* TabBarViewController.swift in Sources */,
				D7F8C9D426E9A95A009F50F8 /* HomeViewController.swift in Sources */,
				D7F8CA1426E9B3FE009F50F8 /* HapticsManager.swift in Sources */,
				D7F8CA2626E9F41E009F50F8 /* AuthResponse.swift in Sources */,
				D7F8CA1A26E9B466009F50F8 /* AudioTrack.swift in Sources */,
				D7F8C9F926E9AF05009F50F8 /* AuthViewController.swift in Sources */,
				D7F8C9D026E9A95A009F50F8 /* AppDelegate.swift in Sources */,
				D7F8C9F326E9AEB5009F50F8 /* LibraryViewController.swift in Sources */,
				D7F8CA2026E9B47E009F50F8 /* UserProfile.swift in Sources */,
				D7F8CA0826E9AF8E009F50F8 /* PlaylistViewController.swift in Sources */,
				D7F8CA1D26E9B470009F50F8 /* Artisit.swift in Sources */,
				D7F8CA2326E9D80C009F50F8 /* extension.swift in Sources */,
				D7F8C9D226E9A95A009F50F8 /* SceneDelegate.swift in Sources */,
				D7F8CA0526E9AF84009F50F8 /* PlayerViewController.swift in Sources */,
				D7F8CA0B26E9AFB9009F50F8 /* SearchResultViewController.swift in Sources */,
				D7F8CA1126E9B3E9009F50F8 /* APICaller.swift in Sources */,
				D7F8C9FF26E9AF41009F50F8 /* SettingsViewController.swift in Sources */,
			);
			runOnlyForDeploymentPostprocessing = 0;
		};
/* End PBXSourcesBuildPhase section */

/* Begin PBXVariantGroup section */
		D7F8C9DA26E9A95B009F50F8 /* LaunchScreen.storyboard */ = {
			isa = PBXVariantGroup;
			children = (
				D7F8C9DB26E9A95B009F50F8 /* Base */,
			);
			name = LaunchScreen.storyboard;
			sourceTree = "<group>";
		};
/* End PBXVariantGroup section */

/* Begin XCBuildConfiguration section */
		D7F8C9DE26E9A95B009F50F8 /* Debug */ = {
			isa = XCBuildConfiguration;
			buildSettings = {
				ALWAYS_SEARCH_USER_PATHS = NO;
				CLANG_ANALYZER_NONNULL = YES;
				CLANG_ANALYZER_NUMBER_OBJECT_CONVERSION = YES_AGGRESSIVE;
				CLANG_CXX_LANGUAGE_STANDARD = "gnu++14";
				CLANG_CXX_LIBRARY = "libc++";
				CLANG_ENABLE_MODULES = YES;
				CLANG_ENABLE_OBJC_ARC = YES;
				CLANG_ENABLE_OBJC_WEAK = YES;
				CLANG_WARN_BLOCK_CAPTURE_AUTORELEASING = YES;
				CLANG_WARN_BOOL_CONVERSION = YES;
				CLANG_WARN_COMMA = YES;
				CLANG_WARN_CONSTANT_CONVERSION = YES;
				CLANG_WARN_DEPRECATED_OBJC_IMPLEMENTATIONS = YES;
				CLANG_WARN_DIRECT_OBJC_ISA_USAGE = YES_ERROR;
				CLANG_WARN_DOCUMENTATION_COMMENTS = YES;
				CLANG_WARN_EMPTY_BODY = YES;
				CLANG_WARN_ENUM_CONVERSION = YES;
				CLANG_WARN_INFINITE_RECURSION = YES;
				CLANG_WARN_INT_CONVERSION = YES;
				CLANG_WARN_NON_LITERAL_NULL_CONVERSION = YES;
				CLANG_WARN_OBJC_IMPLICIT_RETAIN_SELF = YES;
				CLANG_WARN_OBJC_LITERAL_CONVERSION = YES;
				CLANG_WARN_OBJC_ROOT_CLASS = YES_ERROR;
				CLANG_WARN_QUOTED_INCLUDE_IN_FRAMEWORK_HEADER = YES;
				CLANG_WARN_RANGE_LOOP_ANALYSIS = YES;
				CLANG_WARN_STRICT_PROTOTYPES = YES;
				CLANG_WARN_SUSPICIOUS_MOVE = YES;
				CLANG_WARN_UNGUARDED_AVAILABILITY = YES_AGGRESSIVE;
				CLANG_WARN_UNREACHABLE_CODE = YES;
				CLANG_WARN__DUPLICATE_METHOD_MATCH = YES;
				COPY_PHASE_STRIP = NO;
				DEBUG_INFORMATION_FORMAT = dwarf;
				ENABLE_STRICT_OBJC_MSGSEND = YES;
				ENABLE_TESTABILITY = YES;
				GCC_C_LANGUAGE_STANDARD = gnu11;
				GCC_DYNAMIC_NO_PIC = NO;
				GCC_NO_COMMON_BLOCKS = YES;
				GCC_OPTIMIZATION_LEVEL = 0;
				GCC_PREPROCESSOR_DEFINITIONS = (
					"DEBUG=1",
					"$(inherited)",
				);
				GCC_WARN_64_TO_32_BIT_CONVERSION = YES;
				GCC_WARN_ABOUT_RETURN_TYPE = YES_ERROR;
				GCC_WARN_UNDECLARED_SELECTOR = YES;
				GCC_WARN_UNINITIALIZED_AUTOS = YES_AGGRESSIVE;
				GCC_WARN_UNUSED_FUNCTION = YES;
				GCC_WARN_UNUSED_VARIABLE = YES;
				IPHONEOS_DEPLOYMENT_TARGET = 14.4;
				MTL_ENABLE_DEBUG_INFO = INCLUDE_SOURCE;
				MTL_FAST_MATH = YES;
				ONLY_ACTIVE_ARCH = YES;
				SDKROOT = iphoneos;
				SWIFT_ACTIVE_COMPILATION_CONDITIONS = DEBUG;
				SWIFT_OPTIMIZATION_LEVEL = "-Onone";
			};
			name = Debug;
		};
		D7F8C9DF26E9A95B009F50F8 /* Release */ = {
			isa = XCBuildConfiguration;
			buildSettings = {
				ALWAYS_SEARCH_USER_PATHS = NO;
				CLANG_ANALYZER_NONNULL = YES;
				CLANG_ANALYZER_NUMBER_OBJECT_CONVERSION = YES_AGGRESSIVE;
				CLANG_CXX_LANGUAGE_STANDARD = "gnu++14";
				CLANG_CXX_LIBRARY = "libc++";
				CLANG_ENABLE_MODULES = YES;
				CLANG_ENABLE_OBJC_ARC = YES;
				CLANG_ENABLE_OBJC_WEAK = YES;
				CLANG_WARN_BLOCK_CAPTURE_AUTORELEASING = YES;
				CLANG_WARN_BOOL_CONVERSION = YES;
				CLANG_WARN_COMMA = YES;
				CLANG_WARN_CONSTANT_CONVERSION = YES;
				CLANG_WARN_DEPRECATED_OBJC_IMPLEMENTATIONS = YES;
				CLANG_WARN_DIRECT_OBJC_ISA_USAGE = YES_ERROR;
				CLANG_WARN_DOCUMENTATION_COMMENTS = YES;
				CLANG_WARN_EMPTY_BODY = YES;
				CLANG_WARN_ENUM_CONVERSION = YES;
				CLANG_WARN_INFINITE_RECURSION = YES;
				CLANG_WARN_INT_CONVERSION = YES;
				CLANG_WARN_NON_LITERAL_NULL_CONVERSION = YES;
				CLANG_WARN_OBJC_IMPLICIT_RETAIN_SELF = YES;
				CLANG_WARN_OBJC_LITERAL_CONVERSION = YES;
				CLANG_WARN_OBJC_ROOT_CLASS = YES_ERROR;
				CLANG_WARN_QUOTED_INCLUDE_IN_FRAMEWORK_HEADER = YES;
				CLANG_WARN_RANGE_LOOP_ANALYSIS = YES;
				CLANG_WARN_STRICT_PROTOTYPES = YES;
				CLANG_WARN_SUSPICIOUS_MOVE = YES;
				CLANG_WARN_UNGUARDED_AVAILABILITY = YES_AGGRESSIVE;
				CLANG_WARN_UNREACHABLE_CODE = YES;
				CLANG_WARN__DUPLICATE_METHOD_MATCH = YES;
				COPY_PHASE_STRIP = NO;
				DEBUG_INFORMATION_FORMAT = "dwarf-with-dsym";
				ENABLE_NS_ASSERTIONS = NO;
				ENABLE_STRICT_OBJC_MSGSEND = YES;
				GCC_C_LANGUAGE_STANDARD = gnu11;
				GCC_NO_COMMON_BLOCKS = YES;
				GCC_WARN_64_TO_32_BIT_CONVERSION = YES;
				GCC_WARN_ABOUT_RETURN_TYPE = YES_ERROR;
				GCC_WARN_UNDECLARED_SELECTOR = YES;
				GCC_WARN_UNINITIALIZED_AUTOS = YES_AGGRESSIVE;
				GCC_WARN_UNUSED_FUNCTION = YES;
				GCC_WARN_UNUSED_VARIABLE = YES;
				IPHONEOS_DEPLOYMENT_TARGET = 14.4;
				MTL_ENABLE_DEBUG_INFO = NO;
				MTL_FAST_MATH = YES;
				SDKROOT = iphoneos;
				SWIFT_COMPILATION_MODE = wholemodule;
				SWIFT_OPTIMIZATION_LEVEL = "-O";
				VALIDATE_PRODUCT = YES;
			};
			name = Release;
		};
		D7F8C9E126E9A95B009F50F8 /* Debug */ = {
			isa = XCBuildConfiguration;
			buildSettings = {
				ASSETCATALOG_COMPILER_APPICON_NAME = AppIcon;
				ASSETCATALOG_COMPILER_GLOBAL_ACCENT_COLOR_NAME = AccentColor;
				CODE_SIGN_STYLE = Automatic;
				DEVELOPMENT_TEAM = 9B44YJ6A2J;
				INFOPLIST_FILE = Spotify/Info.plist;
				LD_RUNPATH_SEARCH_PATHS = (
					"$(inherited)",
					"@executable_path/Frameworks",
				);
				PRODUCT_BUNDLE_IDENTIFIER = com.calvinsung.Spotify;
				PRODUCT_NAME = "$(TARGET_NAME)";
				SWIFT_VERSION = 5.0;
				TARGETED_DEVICE_FAMILY = "1,2";
			};
			name = Debug;
		};
		D7F8C9E226E9A95B009F50F8 /* Release */ = {
			isa = XCBuildConfiguration;
			buildSettings = {
				ASSETCATALOG_COMPILER_APPICON_NAME = AppIcon;
				ASSETCATALOG_COMPILER_GLOBAL_ACCENT_COLOR_NAME = AccentColor;
				CODE_SIGN_STYLE = Automatic;
				DEVELOPMENT_TEAM = 9B44YJ6A2J;
				INFOPLIST_FILE = Spotify/Info.plist;
				LD_RUNPATH_SEARCH_PATHS = (
					"$(inherited)",
					"@executable_path/Frameworks",
				);
				PRODUCT_BUNDLE_IDENTIFIER = com.calvinsung.Spotify;
				PRODUCT_NAME = "$(TARGET_NAME)";
				SWIFT_VERSION = 5.0;
				TARGETED_DEVICE_FAMILY = "1,2";
			};
			name = Release;
		};
/* End XCBuildConfiguration section */

/* Begin XCConfigurationList section */
		D7F8C9C726E9A95A009F50F8 /* Build configuration list for PBXProject "Spotify" */ = {
			isa = XCConfigurationList;
			buildConfigurations = (
				D7F8C9DE26E9A95B009F50F8 /* Debug */,
				D7F8C9DF26E9A95B009F50F8 /* Release */,
			);
			defaultConfigurationIsVisible = 0;
			defaultConfigurationName = Release;
		};
		D7F8C9E026E9A95B009F50F8 /* Build configuration list for PBXNativeTarget "Spotify" */ = {
			isa = XCConfigurationList;
			buildConfigurations = (
				D7F8C9E126E9A95B009F50F8 /* Debug */,
				D7F8C9E226E9A95B009F50F8 /* Release */,
			);
			defaultConfigurationIsVisible = 0;
			defaultConfigurationName = Release;
		};
/* End XCConfigurationList section */
	};
	rootObject = D7F8C9C426E9A95A009F50F8 /* Project object */;
}
